
Microsoft Visual Studio Solution File, Format Version 12.00
# Visual Studio 15
VisualStudioVersion = 15.0.27703.2035
MinimumVisualStudioVersion = 10.0.40219.1
Project("{9A19103F-16F7-4668-BE54-9A1E7A4F7556}") = "Vacations", "Vacations\Vacations.csproj", "{8A8D2B7B-8AE3-4758-883D-040CC7EB190B}"
EndProject
Project("{FAE04EC0-301F-11D3-BF4B-00C04F79EFBC}") = "VacationsModel", "VacationsModel\VacationsModel.csproj", "{0BC84E45-FAB8-420D-B15E-BAA763CCAD07}"
EndProject
Global
	GlobalSection(SolutionConfigurationPlatforms) = preSolution
		Debug|Any CPU = Debug|Any CPU
		Release|Any CPU = Release|Any CPU
	EndGlobalSection
	GlobalSection(ProjectConfigurationPlatforms) = postSolution
		{8A8D2B7B-8AE3-4758-883D-040CC7EB190B}.Debug|Any CPU.ActiveCfg = Debug|Any CPU
		{8A8D2B7B-8AE3-4758-883D-040CC7EB190B}.Debug|Any CPU.Build.0 = Debug|Any CPU
		{8A8D2B7B-8AE3-4758-883D-040CC7EB190B}.Release|Any CPU.ActiveCfg = Release|Any CPU
		{8A8D2B7B-8AE3-4758-883D-040CC7EB190B}.Release|Any CPU.Build.0 = Release|Any CPU
		{0BC84E45-FAB8-420D-B15E-BAA763CCAD07}.Debug|Any CPU.ActiveCfg = Debug|Any CPU
		{0BC84E45-FAB8-420D-B15E-BAA763CCAD07}.Debug|Any CPU.Build.0 = Debug|Any CPU
		{0BC84E45-FAB8-420D-B15E-BAA763CCAD07}.Release|Any CPU.ActiveCfg = Release|Any CPU
		{0BC84E45-FAB8-420D-B15E-BAA763CCAD07}.Release|Any CPU.Build.0 = Release|Any CPU
	EndGlobalSection
	GlobalSection(SolutionProperties) = preSolution
		HideSolutionNode = FALSE
	EndGlobalSection
	GlobalSection(ExtensibilityGlobals) = postSolution
		SolutionGuid = {520BC821-E6DC-411D-B6CF-F43B968A73CB}
	EndGlobalSection
EndGlobal
