
Microsoft Visual Studio Solution File, Format Version 12.00
# Visual Studio 15
VisualStudioVersion = 15.0.27428.2015
MinimumVisualStudioVersion = 10.0.40219.1
Project("{FAE04EC0-301F-11D3-BF4B-00C04F79EFBC}") = "Vacations", "Vacations\Vacations.csproj", "{81ED755E-086A-4E68-A9F9-187C1BBC40AB}"
EndProject
Project("{FAE04EC0-301F-11D3-BF4B-00C04F79EFBC}") = "VocationsLibrary", "VocationsLibrary\VocationsLibrary.csproj", "{2363AE32-E8E0-42E6-A4A7-019D15783755}"
EndProject
Project("{00D1A9C2-B5F0-4AF3-8072-F6C62B433612}") = "VocationsDB", "VocationsDB\VocationsDB.sqlproj", "{459AFC71-199C-43A8-B1E2-F104D371ADBA}"
EndProject
Project("{FAE04EC0-301F-11D3-BF4B-00C04F79EFBC}") = "VocationsModel", "VocationsModel\VocationsModel.csproj", "{4D990786-5528-4C5C-8462-31B1FC912623}"
EndProject
Global
	GlobalSection(SolutionConfigurationPlatforms) = preSolution
		Debug|Any CPU = Debug|Any CPU
		Release|Any CPU = Release|Any CPU
	EndGlobalSection
	GlobalSection(ProjectConfigurationPlatforms) = postSolution
		{81ED755E-086A-4E68-A9F9-187C1BBC40AB}.Debug|Any CPU.ActiveCfg = Debug|Any CPU
		{81ED755E-086A-4E68-A9F9-187C1BBC40AB}.Debug|Any CPU.Build.0 = Debug|Any CPU
		{81ED755E-086A-4E68-A9F9-187C1BBC40AB}.Release|Any CPU.ActiveCfg = Release|Any CPU
		{81ED755E-086A-4E68-A9F9-187C1BBC40AB}.Release|Any CPU.Build.0 = Release|Any CPU
		{2363AE32-E8E0-42E6-A4A7-019D15783755}.Debug|Any CPU.ActiveCfg = Debug|Any CPU
		{2363AE32-E8E0-42E6-A4A7-019D15783755}.Debug|Any CPU.Build.0 = Debug|Any CPU
		{2363AE32-E8E0-42E6-A4A7-019D15783755}.Release|Any CPU.ActiveCfg = Release|Any CPU
		{2363AE32-E8E0-42E6-A4A7-019D15783755}.Release|Any CPU.Build.0 = Release|Any CPU
		{459AFC71-199C-43A8-B1E2-F104D371ADBA}.Debug|Any CPU.ActiveCfg = Debug|Any CPU
		{459AFC71-199C-43A8-B1E2-F104D371ADBA}.Debug|Any CPU.Build.0 = Debug|Any CPU
		{459AFC71-199C-43A8-B1E2-F104D371ADBA}.Debug|Any CPU.Deploy.0 = Debug|Any CPU
		{459AFC71-199C-43A8-B1E2-F104D371ADBA}.Release|Any CPU.ActiveCfg = Release|Any CPU
		{459AFC71-199C-43A8-B1E2-F104D371ADBA}.Release|Any CPU.Build.0 = Release|Any CPU
		{459AFC71-199C-43A8-B1E2-F104D371ADBA}.Release|Any CPU.Deploy.0 = Release|Any CPU
		{4D990786-5528-4C5C-8462-31B1FC912623}.Debug|Any CPU.ActiveCfg = Debug|Any CPU
		{4D990786-5528-4C5C-8462-31B1FC912623}.Debug|Any CPU.Build.0 = Debug|Any CPU
		{4D990786-5528-4C5C-8462-31B1FC912623}.Release|Any CPU.ActiveCfg = Release|Any CPU
		{4D990786-5528-4C5C-8462-31B1FC912623}.Release|Any CPU.Build.0 = Release|Any CPU
	EndGlobalSection
	GlobalSection(SolutionProperties) = preSolution
		HideSolutionNode = FALSE
	EndGlobalSection
	GlobalSection(ExtensibilityGlobals) = postSolution
		SolutionGuid = {FBBB8CE9-7796-49E4-A9CD-7F373ED205D7}
	EndGlobalSection
EndGlobal
